
Microsoft Visual Studio Solution File, Format Version 12.00
# Visual Studio 15
VisualStudioVersion = 15.0.28307.438
MinimumVisualStudioVersion = 10.0.40219.1
Project("{FAE04EC0-301F-11D3-BF4B-00C04F79EFBC}") = "WebApplication5", "WebApplication5\WebApplication5.csproj", "{EA426C99-F961-49A6-9AAB-699A87E1C23A}"
EndProject
Global
	GlobalSection(SolutionConfigurationPlatforms) = preSolution
		Debug|Any CPU = Debug|Any CPU
		Release|Any CPU = Release|Any CPU
	EndGlobalSection
	GlobalSection(ProjectConfigurationPlatforms) = postSolution
		{EA426C99-F961-49A6-9AAB-699A87E1C23A}.Debug|Any CPU.ActiveCfg = Debug|Any CPU
		{EA426C99-F961-49A6-9AAB-699A87E1C23A}.Debug|Any CPU.Build.0 = Debug|Any CPU
		{EA426C99-F961-49A6-9AAB-699A87E1C23A}.Release|Any CPU.ActiveCfg = Release|Any CPU
		{EA426C99-F961-49A6-9AAB-699A87E1C23A}.Release|Any CPU.Build.0 = Release|Any CPU
	EndGlobalSection
	GlobalSection(SolutionProperties) = preSolution
		HideSolutionNode = FALSE
	EndGlobalSection
	GlobalSection(ExtensibilityGlobals) = postSolution
		SolutionGuid = {2832675E-4096-4937-99E1-AEA44EB75C36}
	EndGlobalSection
EndGlobal
